
Microsoft Visual Studio Solution File, Format Version 12.00
# Visual Studio Version 17
VisualStudioVersion = 17.2.32602.215
MinimumVisualStudioVersion = 10.0.40219.1
Project("{FAE04EC0-301F-11D3-BF4B-00C04F79EFBC}") = "MvcMovie", "MvcMovie\MvcMovie.csproj", "{140807D0-5B79-452C-8B48-7E7A81EA7349}"
EndProject
Global
	GlobalSection(SolutionConfigurationPlatforms) = preSolution
		Debug|Any CPU = Debug|Any CPU
		Release|Any CPU = Release|Any CPU
	EndGlobalSection
	GlobalSection(ProjectConfigurationPlatforms) = postSolution
		{140807D0-5B79-452C-8B48-7E7A81EA7349}.Debug|Any CPU.ActiveCfg = Debug|Any CPU
		{140807D0-5B79-452C-8B48-7E7A81EA7349}.Debug|Any CPU.Build.0 = Debug|Any CPU
		{140807D0-5B79-452C-8B48-7E7A81EA7349}.Release|Any CPU.ActiveCfg = Release|Any CPU
		{140807D0-5B79-452C-8B48-7E7A81EA7349}.Release|Any CPU.Build.0 = Release|Any CPU
	EndGlobalSection
	GlobalSection(SolutionProperties) = preSolution
		HideSolutionNode = FALSE
	EndGlobalSection
	GlobalSection(ExtensibilityGlobals) = postSolution
		SolutionGuid = {4DC0DE97-6D95-4DD3-94E7-3EFB9A776B83}
	EndGlobalSection
EndGlobal
